
Microsoft Visual Studio Solution File, Format Version 12.00
# Visual Studio 2012
Project("{FAE04EC0-301F-11D3-BF4B-00C04F79EFBC}") = "Perseo.Web", "Perseo.Web\Perseo.Web.csproj", "{7127B95B-7E63-44F8-912A-CE6428807805}"
EndProject
Project("{FAE04EC0-301F-11D3-BF4B-00C04F79EFBC}") = "Perseo.Web.Tests", "Perseo.Web.Tests\Perseo.Web.Tests.csproj", "{B43F19AA-6974-4A59-9CCF-1BBB6F27E913}"
EndProject
Global
	GlobalSection(SolutionConfigurationPlatforms) = preSolution
		Debug|Any CPU = Debug|Any CPU
		Release|Any CPU = Release|Any CPU
	EndGlobalSection
	GlobalSection(ProjectConfigurationPlatforms) = postSolution
		{7127B95B-7E63-44F8-912A-CE6428807805}.Debug|Any CPU.ActiveCfg = Debug|Any CPU
		{7127B95B-7E63-44F8-912A-CE6428807805}.Debug|Any CPU.Build.0 = Debug|Any CPU
		{7127B95B-7E63-44F8-912A-CE6428807805}.Release|Any CPU.ActiveCfg = Release|Any CPU
		{7127B95B-7E63-44F8-912A-CE6428807805}.Release|Any CPU.Build.0 = Release|Any CPU
		{B43F19AA-6974-4A59-9CCF-1BBB6F27E913}.Debug|Any CPU.ActiveCfg = Debug|Any CPU
		{B43F19AA-6974-4A59-9CCF-1BBB6F27E913}.Debug|Any CPU.Build.0 = Debug|Any CPU
		{B43F19AA-6974-4A59-9CCF-1BBB6F27E913}.Release|Any CPU.ActiveCfg = Release|Any CPU
		{B43F19AA-6974-4A59-9CCF-1BBB6F27E913}.Release|Any CPU.Build.0 = Release|Any CPU
	EndGlobalSection
	GlobalSection(SolutionProperties) = preSolution
		HideSolutionNode = FALSE
	EndGlobalSection
EndGlobal
